
Microsoft Visual Studio Solution File, Format Version 12.00
# Visual Studio Version 16
VisualStudioVersion = 16.0.30413.136
MinimumVisualStudioVersion = 10.0.40219.1
Project("{FAE04EC0-301F-11D3-BF4B-00C04F79EFBC}") = "KalorijuApreikins", "KalorijuApreikins.csproj", "{DAC4E575-4099-426F-993B-BCE4592F9808}"
EndProject
Global
	GlobalSection(SolutionConfigurationPlatforms) = preSolution
		Debug|Any CPU = Debug|Any CPU
		Release|Any CPU = Release|Any CPU
	EndGlobalSection
	GlobalSection(ProjectConfigurationPlatforms) = postSolution
		{DAC4E575-4099-426F-993B-BCE4592F9808}.Debug|Any CPU.ActiveCfg = Debug|Any CPU
		{DAC4E575-4099-426F-993B-BCE4592F9808}.Debug|Any CPU.Build.0 = Debug|Any CPU
		{DAC4E575-4099-426F-993B-BCE4592F9808}.Release|Any CPU.ActiveCfg = Release|Any CPU
		{DAC4E575-4099-426F-993B-BCE4592F9808}.Release|Any CPU.Build.0 = Release|Any CPU
	EndGlobalSection
	GlobalSection(SolutionProperties) = preSolution
		HideSolutionNode = FALSE
	EndGlobalSection
	GlobalSection(ExtensibilityGlobals) = postSolution
		SolutionGuid = {9A33DEB4-6492-4365-8846-722556C1DED1}
	EndGlobalSection
EndGlobal
